
Microsoft Visual Studio Solution File, Format Version 12.00
# Visual Studio 2013
VisualStudioVersion = 12.0.31101.0
MinimumVisualStudioVersion = 10.0.40219.1
Project("{CC5FD16D-436D-48AD-A40C-5A424C6E3E79}") = "KonnectME", "KonnectME\KonnectME.ccproj", "{95D18CFD-AE1B-41A6-8208-F7A933309AA3}"
EndProject
Project("{FAE04EC0-301F-11D3-BF4B-00C04F79EFBC}") = "WorkerRole", "WorkerRole1\WorkerRole.csproj", "{0C043262-C5CE-4238-8E5C-CE0220E169F2}"
EndProject
Project("{FAE04EC0-301F-11D3-BF4B-00C04F79EFBC}") = "WebRole1", "WebRole1\WebRole1.csproj", "{4491172F-77ED-476D-892C-51B6E16249A4}"
EndProject
Global
	GlobalSection(SolutionConfigurationPlatforms) = preSolution
		Debug|Any CPU = Debug|Any CPU
		Release|Any CPU = Release|Any CPU
	EndGlobalSection
	GlobalSection(ProjectConfigurationPlatforms) = postSolution
		{95D18CFD-AE1B-41A6-8208-F7A933309AA3}.Debug|Any CPU.ActiveCfg = Debug|Any CPU
		{95D18CFD-AE1B-41A6-8208-F7A933309AA3}.Debug|Any CPU.Build.0 = Debug|Any CPU
		{95D18CFD-AE1B-41A6-8208-F7A933309AA3}.Release|Any CPU.ActiveCfg = Release|Any CPU
		{95D18CFD-AE1B-41A6-8208-F7A933309AA3}.Release|Any CPU.Build.0 = Release|Any CPU
		{0C043262-C5CE-4238-8E5C-CE0220E169F2}.Debug|Any CPU.ActiveCfg = Debug|Any CPU
		{0C043262-C5CE-4238-8E5C-CE0220E169F2}.Debug|Any CPU.Build.0 = Debug|Any CPU
		{0C043262-C5CE-4238-8E5C-CE0220E169F2}.Release|Any CPU.ActiveCfg = Release|Any CPU
		{0C043262-C5CE-4238-8E5C-CE0220E169F2}.Release|Any CPU.Build.0 = Release|Any CPU
		{4491172F-77ED-476D-892C-51B6E16249A4}.Debug|Any CPU.ActiveCfg = Debug|Any CPU
		{4491172F-77ED-476D-892C-51B6E16249A4}.Debug|Any CPU.Build.0 = Debug|Any CPU
		{4491172F-77ED-476D-892C-51B6E16249A4}.Release|Any CPU.ActiveCfg = Release|Any CPU
		{4491172F-77ED-476D-892C-51B6E16249A4}.Release|Any CPU.Build.0 = Release|Any CPU
	EndGlobalSection
	GlobalSection(SolutionProperties) = preSolution
		HideSolutionNode = FALSE
	EndGlobalSection
EndGlobal
